
Microsoft Visual Studio Solution File, Format Version 12.00
# Visual Studio Version 16
VisualStudioVersion = 16.0.30225.117
MinimumVisualStudioVersion = 10.0.40219.1
Project("{FAE04EC0-301F-11D3-BF4B-00C04F79EFBC}") = "KursT2L8", "KursT2L8\KursT2L8.csproj", "{673D48A4-FE95-4C92-A96F-404D1E485295}"
EndProject
Global
	GlobalSection(SolutionConfigurationPlatforms) = preSolution
		Debug|Any CPU = Debug|Any CPU
		Release|Any CPU = Release|Any CPU
	EndGlobalSection
	GlobalSection(ProjectConfigurationPlatforms) = postSolution
		{673D48A4-FE95-4C92-A96F-404D1E485295}.Debug|Any CPU.ActiveCfg = Debug|Any CPU
		{673D48A4-FE95-4C92-A96F-404D1E485295}.Debug|Any CPU.Build.0 = Debug|Any CPU
		{673D48A4-FE95-4C92-A96F-404D1E485295}.Release|Any CPU.ActiveCfg = Release|Any CPU
		{673D48A4-FE95-4C92-A96F-404D1E485295}.Release|Any CPU.Build.0 = Release|Any CPU
	EndGlobalSection
	GlobalSection(SolutionProperties) = preSolution
		HideSolutionNode = FALSE
	EndGlobalSection
	GlobalSection(ExtensibilityGlobals) = postSolution
		SolutionGuid = {A509071E-4044-4FE6-BF01-9E031CCCDE81}
	EndGlobalSection
EndGlobal
